
Microsoft Visual Studio Solution File, Format Version 12.00
# Visual Studio Version 17
VisualStudioVersion = 17.0.31903.59
MinimumVisualStudioVersion = 10.0.40219.1
Project("{FAE04EC0-301F-11D3-BF4B-00C04F79EFBC}") = "BartizanMod", "BartizanMod\BartizanMod.csproj", "{E82D35D9-6D3D-46B1-8E70-43D572DCE3B8}"
EndProject
Project("{FAE04EC0-301F-11D3-BF4B-00C04F79EFBC}") = "AdditionalVariants", "AdditionalVariants\AdditionalVariants.csproj", "{3F5D0F17-E06D-4FCE-BCED-3D5409502515}"
EndProject
Project("{FAE04EC0-301F-11D3-BF4B-00C04F79EFBC}") = "BaronMode", "BaronMode\BaronMode.csproj", "{49EB7057-D949-43BA-9B16-FEB73F028FC3}"
EndProject
Project("{FAE04EC0-301F-11D3-BF4B-00C04F79EFBC}") = "ColoredDrillArrows", "ColoredDrillArrows\ColoredDrillArrows.csproj", "{CFF25A4B-2CA6-440A-ABD2-C886AD4641F0}"
EndProject
Project("{FAE04EC0-301F-11D3-BF4B-00C04F79EFBC}") = "MusicRestart", "MusicRestart\MusicRestart.csproj", "{DEA71BC5-FD04-40BC-8B52-D4B49FBA8EAB}"
EndProject
Project("{FAE04EC0-301F-11D3-BF4B-00C04F79EFBC}") = "MoreReplay", "MoreReplay\MoreReplay.csproj", "{02C43C67-3AD1-4F77-8634-518A53906CF6}"
EndProject
Project("{FAE04EC0-301F-11D3-BF4B-00C04F79EFBC}") = "ExampleNewMod", "ExampleNewMod\ExampleNewMod.csproj", "{11BAEF02-7491-4AB2-812C-6B4EF69034FE}"
EndProject
Project("{FAE04EC0-301F-11D3-BF4B-00C04F79EFBC}") = "MiasmaColors", "MiasmaColors\MiasmaColors.csproj", "{537A81F0-A29C-4FE3-A52F-B7A29DBF3273}"
EndProject
Project("{FAE04EC0-301F-11D3-BF4B-00C04F79EFBC}") = "Ascencore", "Ascencore\Ascencore.csproj", "{9555BB29-9DF5-45C4-A936-A8C4F08817A1}"
EndProject
Project("{FAE04EC0-301F-11D3-BF4B-00C04F79EFBC}") = "WiderSet", "WiderSet\WiderSet.csproj", "{7B7BC672-AB17-465E-B4CE-274B0C716C69}"
EndProject
Project("{FAE04EC0-301F-11D3-BF4B-00C04F79EFBC}") = "AutolockModifier", "AutolockModifier\AutolockModifier.csproj", "{44E58B29-2C57-46E7-8592-C28B89AEE29C}"
EndProject
Global
	GlobalSection(SolutionConfigurationPlatforms) = preSolution
		Debug|Any CPU = Debug|Any CPU
		Debug|x64 = Debug|x64
		Debug|x86 = Debug|x86
		Release|Any CPU = Release|Any CPU
		Release|x64 = Release|x64
		Release|x86 = Release|x86
	EndGlobalSection
	GlobalSection(ProjectConfigurationPlatforms) = postSolution
		{E82D35D9-6D3D-46B1-8E70-43D572DCE3B8}.Debug|Any CPU.ActiveCfg = Debug|Any CPU
		{E82D35D9-6D3D-46B1-8E70-43D572DCE3B8}.Debug|Any CPU.Build.0 = Debug|Any CPU
		{E82D35D9-6D3D-46B1-8E70-43D572DCE3B8}.Debug|x64.ActiveCfg = Debug|Any CPU
		{E82D35D9-6D3D-46B1-8E70-43D572DCE3B8}.Debug|x64.Build.0 = Debug|Any CPU
		{E82D35D9-6D3D-46B1-8E70-43D572DCE3B8}.Debug|x86.ActiveCfg = Debug|Any CPU
		{E82D35D9-6D3D-46B1-8E70-43D572DCE3B8}.Debug|x86.Build.0 = Debug|Any CPU
		{E82D35D9-6D3D-46B1-8E70-43D572DCE3B8}.Release|Any CPU.ActiveCfg = Release|Any CPU
		{E82D35D9-6D3D-46B1-8E70-43D572DCE3B8}.Release|Any CPU.Build.0 = Release|Any CPU
		{E82D35D9-6D3D-46B1-8E70-43D572DCE3B8}.Release|x64.ActiveCfg = Release|Any CPU
		{E82D35D9-6D3D-46B1-8E70-43D572DCE3B8}.Release|x64.Build.0 = Release|Any CPU
		{E82D35D9-6D3D-46B1-8E70-43D572DCE3B8}.Release|x86.ActiveCfg = Release|Any CPU
		{E82D35D9-6D3D-46B1-8E70-43D572DCE3B8}.Release|x86.Build.0 = Release|Any CPU
		{3F5D0F17-E06D-4FCE-BCED-3D5409502515}.Debug|Any CPU.ActiveCfg = Debug|Any CPU
		{3F5D0F17-E06D-4FCE-BCED-3D5409502515}.Debug|Any CPU.Build.0 = Debug|Any CPU
		{3F5D0F17-E06D-4FCE-BCED-3D5409502515}.Debug|x64.ActiveCfg = Debug|Any CPU
		{3F5D0F17-E06D-4FCE-BCED-3D5409502515}.Debug|x64.Build.0 = Debug|Any CPU
		{3F5D0F17-E06D-4FCE-BCED-3D5409502515}.Debug|x86.ActiveCfg = Debug|Any CPU
		{3F5D0F17-E06D-4FCE-BCED-3D5409502515}.Debug|x86.Build.0 = Debug|Any CPU
		{3F5D0F17-E06D-4FCE-BCED-3D5409502515}.Release|Any CPU.ActiveCfg = Release|Any CPU
		{3F5D0F17-E06D-4FCE-BCED-3D5409502515}.Release|Any CPU.Build.0 = Release|Any CPU
		{3F5D0F17-E06D-4FCE-BCED-3D5409502515}.Release|x64.ActiveCfg = Release|Any CPU
		{3F5D0F17-E06D-4FCE-BCED-3D5409502515}.Release|x64.Build.0 = Release|Any CPU
		{3F5D0F17-E06D-4FCE-BCED-3D5409502515}.Release|x86.ActiveCfg = Release|Any CPU
		{3F5D0F17-E06D-4FCE-BCED-3D5409502515}.Release|x86.Build.0 = Release|Any CPU
		{49EB7057-D949-43BA-9B16-FEB73F028FC3}.Debug|Any CPU.ActiveCfg = Debug|Any CPU
		{49EB7057-D949-43BA-9B16-FEB73F028FC3}.Debug|Any CPU.Build.0 = Debug|Any CPU
		{49EB7057-D949-43BA-9B16-FEB73F028FC3}.Debug|x64.ActiveCfg = Debug|Any CPU
		{49EB7057-D949-43BA-9B16-FEB73F028FC3}.Debug|x64.Build.0 = Debug|Any CPU
		{49EB7057-D949-43BA-9B16-FEB73F028FC3}.Debug|x86.ActiveCfg = Debug|Any CPU
		{49EB7057-D949-43BA-9B16-FEB73F028FC3}.Debug|x86.Build.0 = Debug|Any CPU
		{49EB7057-D949-43BA-9B16-FEB73F028FC3}.Release|Any CPU.ActiveCfg = Release|Any CPU
		{49EB7057-D949-43BA-9B16-FEB73F028FC3}.Release|Any CPU.Build.0 = Release|Any CPU
		{49EB7057-D949-43BA-9B16-FEB73F028FC3}.Release|x64.ActiveCfg = Release|Any CPU
		{49EB7057-D949-43BA-9B16-FEB73F028FC3}.Release|x64.Build.0 = Release|Any CPU
		{49EB7057-D949-43BA-9B16-FEB73F028FC3}.Release|x86.ActiveCfg = Release|Any CPU
		{49EB7057-D949-43BA-9B16-FEB73F028FC3}.Release|x86.Build.0 = Release|Any CPU
		{CFF25A4B-2CA6-440A-ABD2-C886AD4641F0}.Debug|Any CPU.ActiveCfg = Debug|Any CPU
		{CFF25A4B-2CA6-440A-ABD2-C886AD4641F0}.Debug|Any CPU.Build.0 = Debug|Any CPU
		{CFF25A4B-2CA6-440A-ABD2-C886AD4641F0}.Debug|x64.ActiveCfg = Debug|Any CPU
		{CFF25A4B-2CA6-440A-ABD2-C886AD4641F0}.Debug|x64.Build.0 = Debug|Any CPU
		{CFF25A4B-2CA6-440A-ABD2-C886AD4641F0}.Debug|x86.ActiveCfg = Debug|Any CPU
		{CFF25A4B-2CA6-440A-ABD2-C886AD4641F0}.Debug|x86.Build.0 = Debug|Any CPU
		{CFF25A4B-2CA6-440A-ABD2-C886AD4641F0}.Release|Any CPU.ActiveCfg = Release|Any CPU
		{CFF25A4B-2CA6-440A-ABD2-C886AD4641F0}.Release|Any CPU.Build.0 = Release|Any CPU
		{CFF25A4B-2CA6-440A-ABD2-C886AD4641F0}.Release|x64.ActiveCfg = Release|Any CPU
		{CFF25A4B-2CA6-440A-ABD2-C886AD4641F0}.Release|x64.Build.0 = Release|Any CPU
		{CFF25A4B-2CA6-440A-ABD2-C886AD4641F0}.Release|x86.ActiveCfg = Release|Any CPU
		{CFF25A4B-2CA6-440A-ABD2-C886AD4641F0}.Release|x86.Build.0 = Release|Any CPU
		{DEA71BC5-FD04-40BC-8B52-D4B49FBA8EAB}.Debug|Any CPU.ActiveCfg = Debug|Any CPU
		{DEA71BC5-FD04-40BC-8B52-D4B49FBA8EAB}.Debug|Any CPU.Build.0 = Debug|Any CPU
		{DEA71BC5-FD04-40BC-8B52-D4B49FBA8EAB}.Debug|x64.ActiveCfg = Debug|Any CPU
		{DEA71BC5-FD04-40BC-8B52-D4B49FBA8EAB}.Debug|x64.Build.0 = Debug|Any CPU
		{DEA71BC5-FD04-40BC-8B52-D4B49FBA8EAB}.Debug|x86.ActiveCfg = Debug|Any CPU
		{DEA71BC5-FD04-40BC-8B52-D4B49FBA8EAB}.Debug|x86.Build.0 = Debug|Any CPU
		{DEA71BC5-FD04-40BC-8B52-D4B49FBA8EAB}.Release|Any CPU.ActiveCfg = Release|Any CPU
		{DEA71BC5-FD04-40BC-8B52-D4B49FBA8EAB}.Release|Any CPU.Build.0 = Release|Any CPU
		{DEA71BC5-FD04-40BC-8B52-D4B49FBA8EAB}.Release|x64.ActiveCfg = Release|Any CPU
		{DEA71BC5-FD04-40BC-8B52-D4B49FBA8EAB}.Release|x64.Build.0 = Release|Any CPU
		{DEA71BC5-FD04-40BC-8B52-D4B49FBA8EAB}.Release|x86.ActiveCfg = Release|Any CPU
		{DEA71BC5-FD04-40BC-8B52-D4B49FBA8EAB}.Release|x86.Build.0 = Release|Any CPU
		{02C43C67-3AD1-4F77-8634-518A53906CF6}.Debug|Any CPU.ActiveCfg = Debug|Any CPU
		{02C43C67-3AD1-4F77-8634-518A53906CF6}.Debug|Any CPU.Build.0 = Debug|Any CPU
		{02C43C67-3AD1-4F77-8634-518A53906CF6}.Debug|x64.ActiveCfg = Debug|Any CPU
		{02C43C67-3AD1-4F77-8634-518A53906CF6}.Debug|x64.Build.0 = Debug|Any CPU
		{02C43C67-3AD1-4F77-8634-518A53906CF6}.Debug|x86.ActiveCfg = Debug|Any CPU
		{02C43C67-3AD1-4F77-8634-518A53906CF6}.Debug|x86.Build.0 = Debug|Any CPU
		{02C43C67-3AD1-4F77-8634-518A53906CF6}.Release|Any CPU.ActiveCfg = Release|Any CPU
		{02C43C67-3AD1-4F77-8634-518A53906CF6}.Release|Any CPU.Build.0 = Release|Any CPU
		{02C43C67-3AD1-4F77-8634-518A53906CF6}.Release|x64.ActiveCfg = Release|Any CPU
		{02C43C67-3AD1-4F77-8634-518A53906CF6}.Release|x64.Build.0 = Release|Any CPU
		{02C43C67-3AD1-4F77-8634-518A53906CF6}.Release|x86.ActiveCfg = Release|Any CPU
		{02C43C67-3AD1-4F77-8634-518A53906CF6}.Release|x86.Build.0 = Release|Any CPU
		{11BAEF02-7491-4AB2-812C-6B4EF69034FE}.Debug|Any CPU.ActiveCfg = Debug|Any CPU
		{11BAEF02-7491-4AB2-812C-6B4EF69034FE}.Debug|Any CPU.Build.0 = Debug|Any CPU
		{11BAEF02-7491-4AB2-812C-6B4EF69034FE}.Debug|x64.ActiveCfg = Debug|Any CPU
		{11BAEF02-7491-4AB2-812C-6B4EF69034FE}.Debug|x64.Build.0 = Debug|Any CPU
		{11BAEF02-7491-4AB2-812C-6B4EF69034FE}.Debug|x86.ActiveCfg = Debug|Any CPU
		{11BAEF02-7491-4AB2-812C-6B4EF69034FE}.Debug|x86.Build.0 = Debug|Any CPU
		{11BAEF02-7491-4AB2-812C-6B4EF69034FE}.Release|Any CPU.ActiveCfg = Release|Any CPU
		{11BAEF02-7491-4AB2-812C-6B4EF69034FE}.Release|Any CPU.Build.0 = Release|Any CPU
		{11BAEF02-7491-4AB2-812C-6B4EF69034FE}.Release|x64.ActiveCfg = Release|Any CPU
		{11BAEF02-7491-4AB2-812C-6B4EF69034FE}.Release|x64.Build.0 = Release|Any CPU
		{11BAEF02-7491-4AB2-812C-6B4EF69034FE}.Release|x86.ActiveCfg = Release|Any CPU
		{11BAEF02-7491-4AB2-812C-6B4EF69034FE}.Release|x86.Build.0 = Release|Any CPU
		{537A81F0-A29C-4FE3-A52F-B7A29DBF3273}.Debug|Any CPU.ActiveCfg = Debug|Any CPU
		{537A81F0-A29C-4FE3-A52F-B7A29DBF3273}.Debug|Any CPU.Build.0 = Debug|Any CPU
		{537A81F0-A29C-4FE3-A52F-B7A29DBF3273}.Debug|x64.ActiveCfg = Debug|Any CPU
		{537A81F0-A29C-4FE3-A52F-B7A29DBF3273}.Debug|x64.Build.0 = Debug|Any CPU
		{537A81F0-A29C-4FE3-A52F-B7A29DBF3273}.Debug|x86.ActiveCfg = Debug|Any CPU
		{537A81F0-A29C-4FE3-A52F-B7A29DBF3273}.Debug|x86.Build.0 = Debug|Any CPU
		{537A81F0-A29C-4FE3-A52F-B7A29DBF3273}.Release|Any CPU.ActiveCfg = Release|Any CPU
		{537A81F0-A29C-4FE3-A52F-B7A29DBF3273}.Release|Any CPU.Build.0 = Release|Any CPU
		{537A81F0-A29C-4FE3-A52F-B7A29DBF3273}.Release|x64.ActiveCfg = Release|Any CPU
		{537A81F0-A29C-4FE3-A52F-B7A29DBF3273}.Release|x64.Build.0 = Release|Any CPU
		{537A81F0-A29C-4FE3-A52F-B7A29DBF3273}.Release|x86.ActiveCfg = Release|Any CPU
		{537A81F0-A29C-4FE3-A52F-B7A29DBF3273}.Release|x86.Build.0 = Release|Any CPU
		{9555BB29-9DF5-45C4-A936-A8C4F08817A1}.Debug|Any CPU.ActiveCfg = Debug|Any CPU
		{9555BB29-9DF5-45C4-A936-A8C4F08817A1}.Debug|Any CPU.Build.0 = Debug|Any CPU
		{9555BB29-9DF5-45C4-A936-A8C4F08817A1}.Debug|x64.ActiveCfg = Debug|Any CPU
		{9555BB29-9DF5-45C4-A936-A8C4F08817A1}.Debug|x64.Build.0 = Debug|Any CPU
		{9555BB29-9DF5-45C4-A936-A8C4F08817A1}.Debug|x86.ActiveCfg = Debug|Any CPU
		{9555BB29-9DF5-45C4-A936-A8C4F08817A1}.Debug|x86.Build.0 = Debug|Any CPU
		{9555BB29-9DF5-45C4-A936-A8C4F08817A1}.Release|Any CPU.ActiveCfg = Release|Any CPU
		{9555BB29-9DF5-45C4-A936-A8C4F08817A1}.Release|Any CPU.Build.0 = Release|Any CPU
		{9555BB29-9DF5-45C4-A936-A8C4F08817A1}.Release|x64.ActiveCfg = Release|Any CPU
		{9555BB29-9DF5-45C4-A936-A8C4F08817A1}.Release|x64.Build.0 = Release|Any CPU
		{9555BB29-9DF5-45C4-A936-A8C4F08817A1}.Release|x86.ActiveCfg = Release|Any CPU
		{9555BB29-9DF5-45C4-A936-A8C4F08817A1}.Release|x86.Build.0 = Release|Any CPU
		{7B7BC672-AB17-465E-B4CE-274B0C716C69}.Debug|Any CPU.ActiveCfg = Debug|Any CPU
		{7B7BC672-AB17-465E-B4CE-274B0C716C69}.Debug|Any CPU.Build.0 = Debug|Any CPU
		{7B7BC672-AB17-465E-B4CE-274B0C716C69}.Debug|x64.ActiveCfg = Debug|Any CPU
		{7B7BC672-AB17-465E-B4CE-274B0C716C69}.Debug|x64.Build.0 = Debug|Any CPU
		{7B7BC672-AB17-465E-B4CE-274B0C716C69}.Debug|x86.ActiveCfg = Debug|Any CPU
		{7B7BC672-AB17-465E-B4CE-274B0C716C69}.Debug|x86.Build.0 = Debug|Any CPU
		{7B7BC672-AB17-465E-B4CE-274B0C716C69}.Release|Any CPU.ActiveCfg = Release|Any CPU
		{7B7BC672-AB17-465E-B4CE-274B0C716C69}.Release|Any CPU.Build.0 = Release|Any CPU
		{7B7BC672-AB17-465E-B4CE-274B0C716C69}.Release|x64.ActiveCfg = Release|Any CPU
		{7B7BC672-AB17-465E-B4CE-274B0C716C69}.Release|x64.Build.0 = Release|Any CPU
		{7B7BC672-AB17-465E-B4CE-274B0C716C69}.Release|x86.ActiveCfg = Release|Any CPU
		{7B7BC672-AB17-465E-B4CE-274B0C716C69}.Release|x86.Build.0 = Release|Any CPU
		{44E58B29-2C57-46E7-8592-C28B89AEE29C}.Debug|Any CPU.ActiveCfg = Debug|Any CPU
		{44E58B29-2C57-46E7-8592-C28B89AEE29C}.Debug|Any CPU.Build.0 = Debug|Any CPU
		{44E58B29-2C57-46E7-8592-C28B89AEE29C}.Debug|x64.ActiveCfg = Debug|Any CPU
		{44E58B29-2C57-46E7-8592-C28B89AEE29C}.Debug|x64.Build.0 = Debug|Any CPU
		{44E58B29-2C57-46E7-8592-C28B89AEE29C}.Debug|x86.ActiveCfg = Debug|Any CPU
		{44E58B29-2C57-46E7-8592-C28B89AEE29C}.Debug|x86.Build.0 = Debug|Any CPU
		{44E58B29-2C57-46E7-8592-C28B89AEE29C}.Release|Any CPU.ActiveCfg = Release|Any CPU
		{44E58B29-2C57-46E7-8592-C28B89AEE29C}.Release|Any CPU.Build.0 = Release|Any CPU
		{44E58B29-2C57-46E7-8592-C28B89AEE29C}.Release|x64.ActiveCfg = Release|Any CPU
		{44E58B29-2C57-46E7-8592-C28B89AEE29C}.Release|x64.Build.0 = Release|Any CPU
		{44E58B29-2C57-46E7-8592-C28B89AEE29C}.Release|x86.ActiveCfg = Release|Any CPU
		{44E58B29-2C57-46E7-8592-C28B89AEE29C}.Release|x86.Build.0 = Release|Any CPU
	EndGlobalSection
	GlobalSection(SolutionProperties) = preSolution
		HideSolutionNode = FALSE
	EndGlobalSection
EndGlobal
